{
    "_meta": {
        "hash": {
            "sha256": "a3cd98fad43310b5718f0c9f3aa2859dc93cfcf07e491be5b2515950272f07a6"
        },
        "pipfile-spec": 6,
        "requires": {
            "python_version": "3.6"
        },
        "sources": [
            {
                "name": "pypi",
                "url": "https://pypi.org/simple",
                "verify_ssl": true
            }
        ]
    },
    "default": {
        "adal": {
            "hashes": [
                "sha256:114046ac85d0054791c21b00922f26286822bc6f2ba3716db42e7e57f762ef20",
                "sha256:218618b41bfac9d57474b4c6a2352865f367378ef39a59e263336a26d03601cb"
            ],
            "version": "==0.4.7"
        },
        "alabaster": {
            "hashes": [
                "sha256:446438bdcca0e05bd45ea2de1668c1d9b032e1a9154c2c259092d77031ddd359",
                "sha256:a661d72d58e6ea8a57f7a86e37d86716863ee5e92788398526d58b26a4e4dc02"
            ],
            "version": "==0.7.12"
        },
        "appdirs": {
            "hashes": [
                "sha256:9e5896d1372858f8dd3344faf4e5014d21849c756c8d5701f78f8a103b372d92",
                "sha256:d8b24664561d0d34ddfaec54636d502d7cea6e29c3eaf68f3df6180863e2166e"
            ],
            "version": "==1.4.3"
        },
        "argh": {
            "hashes": [
                "sha256:a9b3aaa1904eeb78e32394cd46c6f37ac0fb4af6dc488daa58971bdc7d7fcaf3",
                "sha256:e9535b8c84dc9571a48999094fda7f33e63c3f1b74f3e5f3ac0105a58405bb65"
            ],
            "version": "==0.26.2"
        },
        "asn1crypto": {
            "hashes": [
                "sha256:cbbadd640d3165ab24b06ef25d1dca09a3441611ac15f6a6b452474fdf0aed1a",
                "sha256:d232509fefcfcdb9a331f37e9c9dc20441019ad927c7d2176cf18ed5da0ba097"
            ],
            "version": "==0.22.0"
        },
        "attrs": {
            "hashes": [
                "sha256:10cbf6e27dbce8c30807caf056c8eb50917e0eaafe86347671b57254006c3e69",
                "sha256:ca4be454458f9dec299268d472aaa5a11f67a4ff70093396e1ceae9c76cf4bbb"
            ],
            "version": "==18.2.0"
        },
        "babel": {
            "hashes": [
                "sha256:6778d85147d5d85345c14a26aada5e478ab04e39b078b0745ee6870c2b5cf669",
                "sha256:8cba50f48c529ca3fa18cf81fa9403be176d374ac4d60738b839122dfaaa3d23"
            ],
            "version": "==2.6.0"
        },
        "bcrypt": {
            "hashes": [
                "sha256:05b35b9842b009b44496fa5433ce462f69966291e50fbd471dbb427f399f748f",
                "sha256:06280fe19ffbcf6cf904de25190dd6fcd313e30bc79da305f5642a8295d1616e",
                "sha256:1f3054d4da7c4a84b797d9130c36425b6e28134e9e67cd47b393774ea7168a3d",
                "sha256:329c547f5525808aecd77ccade9fd443e381f9d91fc8164da1dae9c195e1f1f5",
                "sha256:35cfdfa3f64f8bad68d25f261bdc60fbb9e43f164881c496cb590bf8001aad83",
                "sha256:4396a33e112907f5978d5c40ca858b79fb1f6afd1caf3f8721c1411593d83bc2",
                "sha256:47d47df72e9f0462c8065a82da7b87f4b2577eb8a3fc855bcea165c2293beb84",
                "sha256:4eb357ab2cd27f4c6151d33130c667e9245beb9d1e6779ccf7e196d4cc20ffa8",
                "sha256:5129442f3f131c1210734699ffa2b7f956786e3e943d38a3158ce174708d0296",
                "sha256:5817b2b70a074cdab74c3871a2018d6931f8ef5148844006b8868b2be26f5abe",
                "sha256:5929214153af8e3e461777837e0de1a00f2ced48d921e55fb952b4d5702e1be2",
                "sha256:5dce51509227741323469b5c5ac6c6ccb2b2380800acc72e60bdf1b3359a5deb",
                "sha256:60c8aa69d18ee750d3678d67a265f1cf3559eabef98f90e3e646c3ff41e8795d",
                "sha256:6645c8d0ad845308de3eb9be98b6fd22a46ec5412bfc664a423e411cdd8f5488",
                "sha256:66e3e1c105c1b811cf25974ee1eff53f2ebf4203c2e2c90e4b1097a837ba4a66",
                "sha256:69dc348c0b6b34b855f3f340756b35f0398e18f0637fc815be567c664cba7d1b",
                "sha256:70b69c68aede91eb96df81227c0a060ead75a008c3d7e4858dc165265d125c44",
                "sha256:73aabf7967c4dc319644c8bcfcbfe8106a475b16af481e0c12402dce2fbac44d",
                "sha256:7f08048c4315f56f02dcef350c9b149a1b7a88c46d316e16a83f1f25a71323c6",
                "sha256:81eb609e0e15336ce6d6acf37a2e4a89c5a2030b76bc7a907e7010d5b4332c38",
                "sha256:84b65684f53c4b6b9d9f61d7f9306e286613187bdf46f30d9a0bbadccfde2205",
                "sha256:8b32df00118b8e7de99eb5ca78374eff1a3934ca42972a54283ddcb85d77164d",
                "sha256:9c3b27bcc772958a4a051ae333de802423ebe0a5dd4e58e642e6e9d641cd7f3c",
                "sha256:9cdc6fcd0eda471b66aca565ce214639f1ad1c5f3a71a205c492d04d139bb75b",
                "sha256:b67e222177bfd51532955307a1ec9afd5e9c90ba2ff9561acae562d1e75c6ac1",
                "sha256:b7679e478041ad8eae3d70e73dc7f6a2e913142a5fc35a6cabfcb7af977559c1",
                "sha256:b949fd8cab330cddb101d4d5fa1b02772b887c31280f10ee4530c2090c378b13",
                "sha256:bebccf76fad01fe91426023b3a41ee991a3ab539f3d3d74b7acdb75baf111224",
                "sha256:c22f3e2c29cb592b65020605649f6d3cd4cf626e6cf97ce1843547e5ea4d5f68",
                "sha256:c68f89a235752c2c191f17ca9a5a2496cb278b57ceb3753621f502a3f576fec5",
                "sha256:c8e236eabdaf230e5c49f26c28f95bc3788ba1296765a4e1b98143741fcd779c",
                "sha256:cdbcff01afda970b8d8e57633204f4501eddbe2c03932f51e7030aebddaf72d5",
                "sha256:e0d47491bd496f823c7fdfdd6154b3e68b8ddf07556210bc46d39af31035f90a",
                "sha256:f05cf87b6787b19c0daf9a7b89ac98708e48903120ccc04e4120528daba280fb",
                "sha256:f1255ae53392e6e3a40955fa363d9522c915d3245c83029fd7a8ef500cd5f3be",
                "sha256:f2bfc588ff4e779e3659b8db348f5fb7b8192d63efc4bf15ecc50a72c820a221"
            ],
            "version": "==3.1.3"
        },
        "cached-property": {
            "hashes": [
                "sha256:458e78b1c7286ece887d92c9bee829da85717994c5e3ddd253a40467f488bc81",
                "sha256:8aacd79aa85a793419c76de9662d9a72ad4751eda2a8b8eb94223adc4d8d85f1"
            ],
            "version": "==1.3.0"
        },
        "certifi": {
            "hashes": [
                "sha256:47f9c83ef4c0c621eaef743f133f09fa8a74a9b75f037e8624f83bd1b6626cb7",
                "sha256:993f830721089fef441cdfeb4b2c8c9df86f0c63239f06bd025a76a7daddb033"
            ],
            "version": "==2018.11.29"
        },
        "cffi": {
            "hashes": [
                "sha256:1426e67e855ef7f5030c9184f4f1a9f4bfa020c31c962cd41fd129ec5aef4a6a",
                "sha256:267dd2c66a5760c5f4d47e2ebcf8eeac7ef01e1ae6ae7a6d0d241a290068bc38",
                "sha256:285ab352552f52f1398c912556d4d36d4ea9b8450e5c65d03809bf9886755533",
                "sha256:446699c10f3c390633d0722bc19edbc7ac4b94761918a4a4f7908a24e86ebbd0",
                "sha256:4fc9c2ff7924b3a1fa326e1799e5dd58cac585d7fb25fe53ccaa1333b0453d65",
                "sha256:5576644b859197da7bbd8f8c7c2fb5dcc6cd505cadb42992d5f104c013f8a214",
                "sha256:562326fc7f55a59ef3fef5e82908fe938cdc4bbda32d734c424c7cd9ed73e93a",
                "sha256:587a5043df4b00a2130e09fed42da02a4ed3c688bd9bf07a3ac89d2271f4fb07",
                "sha256:5de52b081a2775e76b971de9d997d85c4457fc0a09079e12d66849548ae60981",
                "sha256:7248506981eeba23888b4140a69a53c4c0c0a386abcdca61ed8dd790a73e64b9",
                "sha256:7f732ad4a30db0b39400c3f7011249f7d0701007d511bf09604729aea222871f",
                "sha256:80796ea68e11624a0279d3b802f88a7fe7214122b97a15a6c97189934a2cc776",
                "sha256:937db39a1ec5af3003b16357b2042bba67c88d43bc11aaa203fa8a5924524209",
                "sha256:94fb8410c6c4fc48e7ea759d3d1d9ca561171a88d00faddd4aa0306f698ad6a0",
                "sha256:96e599b924ef009aa867f725b3249ee51d76489f484d3a45b4bd219c5ec6ed59",
                "sha256:98b89b2c57f97ce2db7aeba60db173c84871d73b40e41a11ea95de1500ddc57e",
                "sha256:9a31c18ba4881a116e448c52f3f5d3e14401cf7a9c43cc88f06f2a7f5428da0e",
                "sha256:9e389615bcecb8c782a87939d752340bb0a3a097e90bae54d7f0915bc12f45bd",
                "sha256:a41406f6d62abcdf3eef9fd998d8dcff04fd2a7746644143045feeebd76352d1",
                "sha256:a8955265d146e86fe2ce116394be4eaf0cb40314a79b19f11c4fa574cd639572",
                "sha256:ab22285797631df3b513b2cd3ecdc51cd8e3d36788e3991d93d0759d6883b027",
                "sha256:afa7d8b8d38ad40db8713ee053d41b36d87d6ae5ec5ad36f9210b548a18dc214",
                "sha256:b3b02911eb1f6ada203b0763ba924234629b51586f72a21faacc638269f4ced5",
                "sha256:b560916546b2f209d74b82bdbc3223cee9a165b0242fa00a06dfc48a2054864a",
                "sha256:b69b4557aae7de18b7c174a917fe19873529d927ac592762d9771661875bbd40",
                "sha256:bea842a0512be6a8007e585790bccd5d530520fc025ce63b03e139be373b0063",
                "sha256:c1d8b3d8dcb5c23ac1a8bf56422036f3f305a3c5a8bc8c354256579a1e2aa2c1",
                "sha256:c49187260043bd4c1d6a52186f9774f17d9b1da0a406798ebf4bfc12da166ade",
                "sha256:d09ff358f75a874f69fa7d1c2b4acecf4282a950293fcfcf89aa606da8a9a500",
                "sha256:e2b7e090188833bc58b2ae03fb864c22688654ebd2096bcf38bc860c4f38a3d8",
                "sha256:e553eb489511cacf19eda6e52bc9e151316f0d721724997dda2c4d3079b778db",
                "sha256:e7175287f7fe7b1cc203bb958b17db40abd732690c1e18e700f10e0843a58598",
                "sha256:e74896774e437f4715c57edeb5cf3d3a40d7727f541c2c12156617b5a15d1829",
                "sha256:e7d88fecb7b6250a1fd432e6dc64890342c372fce13dbfe4bb6f16348ad00c14",
                "sha256:ec08b88bef627ec1cea210e1608c85d3cf44893bcde74e41b7f7dbdfd2c1bad6",
                "sha256:f4019826a2dec066c909a1f483ef0dcf9325d6740cc0bd15308942b28b0930f7"
            ],
            "version": "==1.10.0"
        },
        "chardet": {
            "hashes": [
                "sha256:84ab92ed1c4d4f16916e05906b6b75a6c0fb5db821cc65e70cbd64a3e2a5eaae",
                "sha256:fc323ffcaeaed0e0a02bf4d117757b98aed530d9ed4531e3e15460124c106691"
            ],
            "version": "==3.0.4"
        },
        "click": {
            "hashes": [
                "sha256:2335065e6395b9e67ca716de5f7526736bfa6ceead690adf616d925bdc622b13",
                "sha256:5b94b49521f6456670fdb30cd82a4eca9412788a93fa6dd6df72c94d5a8ff2d7"
            ],
            "version": "==7.0"
        },
        "codacy-coverage": {
            "hashes": [
                "sha256:b94651934745c638a980ad8d67494077e60f71e19e29aad1c275b66e0a070cbc",
                "sha256:d8a1ce56b0dd156d6b1de14fa6217d32ec86097902f08a17ff2f95ba27264474"
            ],
            "version": "==1.3.11"
        },
        "coverage": {
            "hashes": [
                "sha256:0f1883eab9c19aa243f51308751b8a2a547b9b817b721cc0ecf3efb99fafbea7",
                "sha256:13ef9f799c8fb45c446a239df68034de3a6f3de274881b088bebd7f5661f79f8",
                "sha256:16db2c69a1acbcb3c13211e9f954e22b22a729909d81f983b6b9badacc466eda",
                "sha256:17709e22e4c9f5412ba90f446fb13b245cc20bf4a60377021bbff6c0f1f63e7c",
                "sha256:2a08e978f402696c6956eee9d1b7e95d3ad042959b71bafe1f3e4557cbd6e0ac",
                "sha256:381be5d31d3f0d912334cf2c159bc7bea6bfe6b0e3df6061a3bf2bf88359b1f6",
                "sha256:4047dc83773869701bde934fb3c4792648eda7c0e008a77a0aec64157d246801",
                "sha256:483ed14080c5301048128bb027b77978c632dd9e92e3ecb09b7e28f5b92abfcf",
                "sha256:53770b20ac5b4a12e99229d4bae57af0945be87cc257fce6c6c7571a39f0c5d4",
                "sha256:57f510bb16efaec0b6f371b64a8000c62e7e3b3e48e8b0a5745ade078d849814",
                "sha256:5dea90ed140e7fa9bc00463313f9bc4a6e6aff297b4969615e7a688615c4c4d2",
                "sha256:700040c354f0230287906b1276635552a3def4b646e0145555bc9e2e5da9e365",
                "sha256:7a9c44400ee0f3b4546066e0710e1250fd75831adc02ab99dda176ad8726f424",
                "sha256:7f1eacae700c66c3d7362a433b228599c9d94a5a3a52613dddd9474e04deb6bc",
                "sha256:83a477ac4f55a6ef59552683a0544d47b68a85ce6a80fd0ca6b3dc767f6495fb",
                "sha256:83e955b975666b5a07d217135e7797857ce844eb340a99e46cc25525120417c4",
                "sha256:8801880d32f11b6df11c32a961e186774b4634ae39d7c43235f5a24368a85f07",
                "sha256:9681efc2d310cfc53863cc6f63e88ebe7a48124550fa822147996cb09390b6ab",
                "sha256:97a7ec51cdde3a386e390b159b20f247ccb478084d925c75f1faa3d26c01335e",
                "sha256:a2f7106d1167825c4115794c2ba57cc3b15feb6183db5328fa66f94c12902d8b",
                "sha256:a5ed27ad3e8420b2d6b625dcbd3e59488c14ccc06030167bcf14ffb0f4189b77",
                "sha256:b7f7283eb7badd2b8a9c6a9d6eeca200a0a24db6be79baee2c11398f978edcaa",
                "sha256:c1456f66c536010cf9e4633a8853a9153e8fd588393695295afd4d0fc16c1d74",
                "sha256:c3e2736664a6074fc9bd54fb643f5af0fc60bfedb2963b3d3f98c7450335e34c",
                "sha256:c5a205b4da3c624f5119dc4d84240789b5906bb8468902ec22dcc4aad8aa4638",
                "sha256:c820a533a943ebc860acc0ce6a00dd36e0fdf2c6f619ff8225755169428c5fa2",
                "sha256:d7b70b7b4eb14d0753d33253fe4f121ca99102612e2719f0993607deb30c6f33",
                "sha256:dfb011587e2b7299112f08a2a60d2601706aac9abde37aa1177ea825adaed923",
                "sha256:dfd35f1979da31bcabbe27bcf78d4284d69870731874af629082590023a77336",
                "sha256:e00fe141e22ce6e9395aa24d862039eb180c6b7e89df0bbaf9765e9aebe560a9",
                "sha256:ec596e4401553caa6dd2e3349ce47f9ef82c1f1bcba5d8ac3342724f0df8d6ff",
                "sha256:ef43a06a960b46c73c018704051e023ee6082030f145841ffafc8728039d5a88",
                "sha256:ef574ab9640bcfa2f3c671831faf03f65788945fdf8efa4d4a1fffc034838e2a",
                "sha256:f9e83b39d29c2815a38e4118d776b482d4082b5bf9c9147fbc99a3f83abe480a"
            ],
            "version": "==4.4.1"
        },
        "cryptography": {
            "hashes": [
                "sha256:21af753934f2f6d1a10fe8f4c0a64315af209ef6adeaee63ca349797d747d687",
                "sha256:27bb401a20a838d6d0ea380f08c6ead3ccd8c9d8a0232dc9adcc0e4994576a66",
                "sha256:29720c4253263cff9aea64585adbbe85013ba647f6e98367efff9db2d7193ded",
                "sha256:2a35b7570d8f247889784010aac8b384fd2e4a47b33e15c4a60b45a7c1944120",
                "sha256:42c531a6a354407f42ee07fda5c2c0dc822cf6d52744949c182f2b295fbd4183",
                "sha256:5eb86f03f9c4f0ac2336ac5431271072ddf7ecc76b338e26366732cfac58aa19",
                "sha256:67f7f57eae8dede577f3f7775957f5bec93edd6bdb6ce597bb5b28e1bdf3d4fb",
                "sha256:6ec84edcbc966ae460560a51a90046503ff0b5b66157a9efc61515c68059f6c8",
                "sha256:7ba834564daef87557e7fcd35c3c3183a4147b0b3a57314e53317360b9b201b3",
                "sha256:7d7f084cbe1fdb82be5a0545062b59b1ad3637bc5a48612ac2eb428ff31b31ea",
                "sha256:82409f5150e529d699e5c33fa8fd85e965104db03bc564f5f4b6a9199e591f7c",
                "sha256:87d092a7c2a44e5f7414ab02fb4145723ebba411425e1a99773531dd4c0e9b8d",
                "sha256:8c56ef989342e42b9fcaba7c74b446f0cc9bed546dd00034fa7ad66fc00307ef",
                "sha256:9449f5d4d7c516a6118fa9210c4a00f34384cb1d2028672100ee0c6cce49d7f6",
                "sha256:bc2301170986ad82d9349a91eb8884e0e191209c45f5541b16aa7c0cfb135978",
                "sha256:c132bab45d4bd0fff1d3fe294d92b0a6eb8404e93337b3127bdec9f21de117e6",
                "sha256:c3d945b7b577f07a477700f618f46cbc287af3a9222cd73035c6ef527ef2c363",
                "sha256:cee18beb4c807b5c0b178f4fa2fae03cef9d51821a358c6890f8b23465b7e5d2",
                "sha256:d01dfc5c2b3495184f683574e03c70022674ca9a7be88589c5aba130d835ea90"
            ],
            "version": "==2.3"
        },
        "decorator": {
            "hashes": [
                "sha256:7cb64d38cb8002971710c8899fbdfb859a23a364b7c99dab19d1f719c2ba16b5",
                "sha256:95a26b17806e284452bfd97fa20aa1e8cb4ee23542bda4dbac5e4562aa1642cd"
            ],
            "version": "==4.1.2"
        },
        "defusedxml": {
            "hashes": [
                "sha256:24d7f2f94f7f3cb6061acb215685e5125fbcdc40a857eff9de22518820b0a4f4",
                "sha256:702a91ade2968a82beb0db1e0766a6a273f33d4616a6ce8cde475d8e09853b20"
            ],
            "version": "==0.5.0"
        },
        "dnspython": {
            "hashes": [
                "sha256:40f563e1f7a7b80dc5a4e76ad75c23da53d62f1e15e6e517293b04e1f84ead7c",
                "sha256:861e6e58faa730f9845aaaa9c6c832851fbf89382ac52915a51f89c71accdd31"
            ],
            "version": "==1.15.0"
        },
        "docopt": {
            "hashes": [
                "sha256:49b3a825280bd66b3aa83585ef59c4a8c82f2c8a522dbe754a8bc8d08c85c491"
            ],
            "version": "==0.6.2"
        },
        "docutils": {
            "hashes": [
                "sha256:02aec4bd92ab067f6ff27a38a38a41173bf01bed8f89157768c1573f53e474a6",
                "sha256:51e64ef2ebfb29cae1faa133b3710143496eca21c530f3f71424d77687764274",
                "sha256:7a4bd47eaf6596e1295ecb11361139febe29b084a87bf005bf899f9a42edc3c6"
            ],
            "version": "==0.14"
        },
        "et-xmlfile": {
            "hashes": [
                "sha256:614d9722d572f6246302c4491846d2c393c199cfa4edc9af593437691683335b"
            ],
            "version": "==1.0.1"
        },
        "extract-msg": {
            "hashes": [
                "sha256:07946146a250c057cd753522f832551057dce14a3da76a5b1fc9dc92cc5bdfa8",
                "sha256:294908a7a54aa71bd9f8a939f3fe399b071b2f3616b203e4a19577e9aeaf3194"
            ],
            "version": "==0.20.8"
        },
        "flanker": {
            "hashes": [
                "sha256:2295b430a5e3f825d9dff702ea4f9d5cf7f719c8cfee318ce0c385facddd95db"
            ],
            "version": "==0.9.0"
        },
        "flask": {
            "hashes": [
                "sha256:2271c0070dbcb5275fad4a82e29f23ab92682dc45f9dfbc22c02ba9b9322ce48",
                "sha256:a080b744b7e345ccfcbc77954861cb05b3c63786e93f2b3875e0913d44b43f05"
            ],
            "index": "pypi",
            "version": "==1.0.2"
        },
        "future": {
            "hashes": [
                "sha256:e39ced1ab767b5936646cedba8bcce582398233d6a627067d4c6a454c90cfedb"
            ],
            "version": "==0.16.0"
        },
        "httpretty": {
            "hashes": [
                "sha256:01b52d45077e702eda491f4fe75328d3468fd886aed5dcc530003e7b2b5939dc"
            ],
            "version": "==0.9.6"
        },
        "idna": {
            "hashes": [
                "sha256:156a6814fb5ac1fc6850fb002e0852d56c0c8d2531923a51032d1b70760e186e",
                "sha256:684a38a6f903c1d71d6d5fac066b58d7768af4de2b832e426ec79c30daa94a16"
            ],
            "version": "==2.7"
        },
        "imagesize": {
            "hashes": [
                "sha256:3f349de3eb99145973fefb7dbe38554414e5c30abd0c8e4b970a7c9d09f3a1d8",
                "sha256:f3832918bc3c66617f92e35f5d70729187676313caa60c187eb0f28b8fe5e3b5"
            ],
            "version": "==1.1.0"
        },
        "imapclient": {
            "hashes": [
                "sha256:3eeb97b9aa8faab0caa5024d74bfde59408fbd542781246f6960873c7bf0dd01",
                "sha256:60ba79758cc9f13ec910d7a3df9acaaf2bb6c458720d9a02ec33a41352fd1b99"
            ],
            "version": "==2.1.0"
        },
        "ipwhois": {
            "hashes": [
                "sha256:86b3de1cc9229992e702fb487addffb93169ae265bce2248ab255dbc99caed98",
                "sha256:d495f10df2e563ea7cdb00551c5a4bd370539afd887ddf2ac430930cef094088"
            ],
            "version": "==1.0.0"
        },
        "irflow-client": {
            "hashes": [
                "sha256:743b48d989e487c300eedbd9e739ec92de8edeccc40fd4a2f68b9b3dad2bc714",
                "sha256:e95a8fcb0e6618f57b6e9b24e47053fe27c7664b8540c19c97a42173b417f5c1"
            ],
            "version": "==1.5.8"
        },
        "irflow-integrations": {
            "editable": true,
            "path": "./../irflow-integrations"
        },
        "isodate": {
            "hashes": [
                "sha256:42105c41d037246dc1987e36d96f3752ffd5c0c24834dd12e4fdbe1e79544e31"
            ],
            "version": "==0.5.4"
        },
        "itsdangerous": {
            "hashes": [
                "sha256:321b033d07f2a4136d3ec762eac9f16a10ccd60f53c0c91af90217ace7ba1f19",
                "sha256:b12271b2047cb23eeb98c8b5622e2e5c5e9abd9784a153e9d8ef9cb4dd09d749"
            ],
            "version": "==1.1.0"
        },
        "jdcal": {
            "hashes": [
                "sha256:948fb8d079e63b4be7a69dd5f0cd618a0a57e80753de8248fd786a8a20658a07",
                "sha256:ea0a5067c5f0f50ad4c7bdc80abad3d976604f6fb026b0b3a17a9d84bb9046c9"
            ],
            "version": "==1.4"
        },
        "jinja2": {
            "hashes": [
                "sha256:74c935a1b8bb9a3947c50a54766a969d4846290e1e788ea44c1392163723c3bd",
                "sha256:f84be1bb0040caca4cea721fcbbbbd61f9be9464ca236387158b0feea01914a4"
            ],
            "version": "==2.10"
        },
        "junos-eznc": {
            "hashes": [
                "sha256:a8cbe2c8c6f9d9597fead91b2cbb8da290ddaef51698d1d3eb18017cbf0c5f3c",
                "sha256:d1b256af47d11811d5fb44aa03f9595b24b8200d7adbf8ff3b5f8b158338ac5b"
            ],
            "version": "==2.1.6"
        },
        "livereload": {
            "hashes": [
                "sha256:29cadfabcedd12eed792e0131991235b9d4764d4474bed75cf525f57109ec0a2",
                "sha256:e632a6cd1d349155c1d7f13a65be873b38f43ef02961804a1bba8d817fa649a7"
            ],
            "version": "==2.6.0"
        },
        "lxml": {
            "hashes": [
                "sha256:0da0a0711b8aa3161cf263ced74f736990952e44f1d0183c5248f16a1dc1f133",
                "sha256:13e5a6373168ffad39facbba98d35a8bdbc6248dbaa61c9c9470c39906c1b8f1",
                "sha256:13ec5a016e588b2e0ec2c46e0091b1b639b0eb6e428c108f0695f2bff1bafae8",
                "sha256:163aefc42424c5ce3a3f9a021d8362445142ab51d4b34face30c9db6c6054687",
                "sha256:1a55955329cc8a406458a7eb112c78290c9bc7e2311750ac1d70314a10246a15",
                "sha256:202a22be99423d269ff11dec7cdf23b6262b3da17854336d4741699c53ca7ea9",
                "sha256:2e779d9da6a3f4f8cd75bb31b5aef9bfdf5dcd415847c4eca8891847108861bc",
                "sha256:372de0c373710c3114b10b20580d880b2e0b71f045092278a63aa15412336a7f",
                "sha256:3ae6d795aaef0d724e533e0383fe8877e6a25f8b22b3d61dd06b53ce12186165",
                "sha256:420e91c29fb6c3f920a4d7b74864721f57cfc5ebe4bef980a2de268de3805f10",
                "sha256:50bd89e62f730614beb7ac85c78d948c470a1bfff4728ff67a178fda7e3c5192",
                "sha256:52c4bf8871a1e91958a0cb9ec30dbc268298efd0e59660ceebc8277d61b36be2",
                "sha256:54325c7eae22211c0a577b2ca4f10f47b4d352aaff468909209af543a57eb08e",
                "sha256:548ed7232a56b2ab7df3330de8a283bf937d4878dd4ddb57068849f06cb15a2c",
                "sha256:5c321ab3b310f0342f5369be7279fcfc0366eb8c8b47bd8fa31b1a3c063b6586",
                "sha256:5c4ad32804abf0d872776f44bf4e4a5181ed37b3de77a87f6d7b2a1d42620cbd",
                "sha256:5d5d46ff5465241e6100f0a023e8afcbd75119f598e94c444246bb7f4cbd23f6",
                "sha256:736f72be15caad8116891eb6aa4a078b590d231fdc63818c40c21624ac71db96",
                "sha256:79226dd2b9fbd63f1b8739b6823bd95b81d502043fd0b81ff8925d55b22f0154",
                "sha256:872c9f47d523489e3fa4a933610bc9fa5fa434a75d9d26dc01df4b433f2f8b98",
                "sha256:93081f9c87fa520447a191152c7d89cf687c5c8e6fef06493ba809e3196ca35e",
                "sha256:9374c9399c1d8479b2b93295abf5997ebaa6d9c5e21a3dc03d1c18b61247cfae",
                "sha256:9e32fb013ff5b7bd06b1899fe027d46d5b4b2e684ff9159146841bfaaa6b3866",
                "sha256:a61a7a4286d8fc450a32a148fced8d3ac71fa55afd922a4043e13cb86eb6d797",
                "sha256:b3d66246c9b41e495ca02a7c33f6ca415febd06e1e9e1cc5842592881c327987",
                "sha256:bd9f07e9aef9ff12f3a07d0a084001e983f4c32ea5b1143e1804762a58d22271",
                "sha256:d1cb088a961cf093b73c7b9460fa43a3afff385c1f1bc306fc3b8819819c2d24",
                "sha256:dda7051dad02da2f36be48d68ca500d31fcd8c8fce3986183d48b02637f2f985",
                "sha256:e54ca8cdd70079e7a3e2c061ef3703b2a43159462c1dbd17c11f3ea1fb3601e7",
                "sha256:e66a62e84cdea052a17a5e2a896cd79a9a53ec570681f3bc32d012863e02acb0",
                "sha256:ef4945f9c9e32e68669109e2b009becc71f3ca57b9de79b604b820ca8de2b85c"
            ],
            "version": "==3.8.0"
        },
        "markupsafe": {
            "hashes": [
                "sha256:a6be69091dac236ea9c6bc7d012beab42010fa914c459791d627dad4910eb665"
            ],
            "version": "==1.0"
        },
        "mcafee-epo": {
            "hashes": [
                "sha256:07cb02771908e9bb5cd8baeeec1a98d6c9ac5e55e48608ae67fbdd31a4ed5b85",
                "sha256:654d8c61b7959e028b4567e39066993f8f565914e987ad246846c1cbdf5a86d4"
            ],
            "version": "==1.0.3"
        },
        "ncclient": {
            "hashes": [
                "sha256:fe6b9c16ed5f1b21f5591da74bfdd91a9bdf69eb4e918f1c06b3c8db307bd32b"
            ],
            "version": "==0.5.3"
        },
        "netaddr": {
            "hashes": [
                "sha256:38aeec7cdd035081d3a4c306394b19d677623bf76fa0913f6695127c7753aefd",
                "sha256:56b3558bd71f3f6999e4c52e349f38660e54a7a8a9943335f73dfc96883e08ca"
            ],
            "version": "==0.7.19"
        },
        "netmiko": {
            "hashes": [
                "sha256:00486456951e23fdc240cdcf9525727ecf1d1dbd22ac1f5053e00dc687c16ed1"
            ],
            "version": "==1.4.2"
        },
        "ntlm-auth": {
            "hashes": [
                "sha256:07e79b7695deaf3fd17abfbe181382cf42afaa61d2eac3a87eee67b6544a5f75",
                "sha256:86d1d55562bfc57c539dba6c81c4e22f1db9860a0f778dd11fa72e7ae99a0c14"
            ],
            "version": "==1.0.6"
        },
        "oauthlib": {
            "hashes": [
                "sha256:514e293cb356dd53d596692207d48d9231b997995c9a4167eefa868583d74d13"
            ],
            "version": "==2.0.4"
        },
        "odfpy": {
            "hashes": [
                "sha256:596021f0519623ca8717331951c95e3b8d7b21e86edc7efe8cb650a0d0f59a2b"
            ],
            "version": "==1.4.0"
        },
        "olefile": {
            "hashes": [
                "sha256:133b031eaf8fd2c9399b78b8bc5b8fcbe4c31e85295749bb17a87cba8f3c3964"
            ],
            "version": "==0.46"
        },
        "openpyxl": {
            "hashes": [
                "sha256:93c00466fe15469bffc74e05ce83982b6efb5e0c1529cea13dc2024379db5d3b"
            ],
            "version": "==2.6.0b1"
        },
        "otxv2": {
            "hashes": [
                "sha256:1a911767c56a74ca6042755e740e86a7b42adb2b4f97f9e6bb419e2c699aa9f9"
            ],
            "version": "==1.2"
        },
        "pan-python": {
            "hashes": [
                "sha256:8377a423f9b4fa75626c7eead0dfd35f0c8fc8a7417c9bf16d35da3c4fc108bf"
            ],
            "version": "==0.12.0"
        },
        "paramiko": {
            "hashes": [
                "sha256:3c16b2bfb4c0d810b24c40155dbfd113c0521e7e6ee593d704e84b4c658a1f3b",
                "sha256:a8975a7df3560c9f1e2b43dc54ebd40fd00a7017392ca5445ce7df409f900fcb"
            ],
            "version": "==2.4.2"
        },
        "pathtools": {
            "hashes": [
                "sha256:7c35c5421a39bb82e58018febd90e3b6e5db34c5443aaaf742b3f33d4655f1c0"
            ],
            "version": "==0.1.2"
        },
        "pkginfo": {
            "hashes": [
                "sha256:31a49103180ae1518b65d3f4ce09c784e2bc54e338197668b4fb7dc539521024",
                "sha256:bb1a6aeabfc898f5df124e7e00303a5b3ec9a489535f346bfbddb081af93f89e"
            ],
            "version": "==1.4.1"
        },
        "ply": {
            "hashes": [
                "sha256:00c7c1aaa88358b9c765b6d3000c6eec0ba42abca5351b095321aef446081da3",
                "sha256:096f9b8350b65ebd2fd1346b12452efe5b9607f7482813ffca50c22722a807ce"
            ],
            "version": "==3.11"
        },
        "pockets": {
            "hashes": [
                "sha256:109eb91588e9cf722de98c98d300e1c5896e877f5704dc61176fa09686ca635b",
                "sha256:21a2405543c439ac091453ed187f558cf5294d3f85f15310f214ad4de057e0af"
            ],
            "version": "==0.7.2"
        },
        "port-for": {
            "hashes": [
                "sha256:b16a84bb29c2954db44c29be38b17c659c9c27e33918dec16b90d375cc596f1c"
            ],
            "version": "==0.3.1"
        },
        "py": {
            "hashes": [
                "sha256:0f2d585d22050e90c7d293b6451c83db097df77871974d90efd5a30dc12fcde3",
                "sha256:2ccb79b01769d99115aa600d7eed99f524bf752bba8f041dc1c184853514655a"
            ],
            "version": "==1.4.34"
        },
        "pyasn1": {
            "hashes": [
                "sha256:01c20ade412088b42dcd5f0fef6149f6b7377297c5c5f222bb5ef0331ee3517c",
                "sha256:e52133f71566acc12fd7029e208ae9d08a3db656eca634f6484467beb3b18f8f"
            ],
            "version": "==0.3.3"
        },
        "pycparser": {
            "hashes": [
                "sha256:99a8ca03e29851d96616ad0404b4aad7d9ee16f25c9f9708a11faf2810f7b226"
            ],
            "version": "==2.18"
        },
        "pygments": {
            "hashes": [
                "sha256:5ffada19f6203563680669ee7f53b64dabbeb100eb51b61996085e99c03b284a",
                "sha256:e8218dd399a61674745138520d0d4cf2621d7e032439341bc3f647bff125818d"
            ],
            "version": "==2.3.1"
        },
        "pygtail": {
            "hashes": [
                "sha256:8c92f66c2c4d0f93f30335e3ebc642bdcc61af41e9b3aeec9de3e02ef50b5380",
                "sha256:8eca0cd4687bd1e866c3754e73b16f26cb5c28b58387191a755e614c11934d1a"
            ],
            "version": "==0.10.0"
        },
        "pyjwt": {
            "hashes": [
                "sha256:500be75b17a63f70072416843dc80c8821109030be824f4d14758f114978bae7",
                "sha256:a4e5f1441e3ca7b382fd0c0b416777ced1f97c64ef0c33bfa39daf38505cfd2f"
            ],
            "version": "==1.5.3"
        },
        "pynacl": {
            "hashes": [
                "sha256:123c41df1db119397f2e26e9c63ca2ea853d3663e26b1c389bd3859dc1b7178a",
                "sha256:1b4938a557b32e5c6b27fac79a94cf1abb70753b5462a0b577bd2a77e09dacd0",
                "sha256:301c966c1e17950e50d174ab4b2e7ef3e98ff51ad7a591152a19fe2139281eed",
                "sha256:32f52b754abf07c319c04ce16905109cab44b0e7f7c79497431d3b2000f8af8c",
                "sha256:3fd984580cbea8e02fc531aa32ab9487b72c30127f9e4c8db9ba3fe8950ecc93",
                "sha256:4a3be9f884df08087996516707446ba55648bbefae8428bf578fa05f20fa2ed9",
                "sha256:4c15d7cea1a313fff3f68222e682ee1f855e43c0865081cad7385066a6b57d75",
                "sha256:4d21d733a63637ddf41d0cab50135ec9f5224dd22fd10ebf5c5f5f946b833f84",
                "sha256:506bc2591968a1a7b6577075bc29a591d8fff5bdfec03b0dd926f34b75b670e5",
                "sha256:5172395dea8203ae124fd282fef3d242aa75366d66aebc0f5aab0c4753eed97b",
                "sha256:53d83faf274813a5778bba1cd4cb96b79f39e44a63b1c4a4dada01a2b0eeafe8",
                "sha256:57314a7bad4bd39501dc622942f9921923673e52e126b0fc4f0214b5d25d619a",
                "sha256:67b75a950dbc4025bfa549c183baa17db4096955912f385df31830e5a2121974",
                "sha256:75a427377b2088c29a44db08c796c75a9cde2f9725dd041903cfbc0f6034895c",
                "sha256:7d14f18f8bc43977691276097524b9713d21b9635fea9791311261a66e4fe296",
                "sha256:813d4170f62d68236bb041cf731e8d1f34fc1006a5e5d81139bead6ddaa9d169",
                "sha256:877879903cddb5da317fe86d923f65eb28c62fd7feb79cd3402d166e401f9423",
                "sha256:9532aaa446840ece574c719ad3bbf25f60ca9871f48b5446e3f73e8b498e2398",
                "sha256:9558ef5c1ae45322c054d1d1151016e0463b4da8b5c746a675e99c5c7d8f4faa",
                "sha256:99f91eb80b85fe16f70d362cfeae8eeeb108cd09a85f039fdab02164762f764b",
                "sha256:b796d95704b674100bd99fc42bbde9f8f2ccddae8599a4d4bbcb518428dfbfed",
                "sha256:c4ea0e3b9f3317ada56e12c7b37f6d0316900ae8b54a20d7b100d4e14350ac87",
                "sha256:c93d151efcdd7d214b1b11d781c9f1b125f0208cd06d9762bddabdfeac1cedfc",
                "sha256:ca2deb968135f1400105ca902f5cef24ba6984b6a4904756498afcb9077c76f9",
                "sha256:ceb16b7977123713ad898450ca86a2dc6706a17fe4cf278ffb6b76929c186550",
                "sha256:dfc85c2b414dee700e32764559d560063825ec1470d3ee6c973e43c80a622e56",
                "sha256:f01405a5c453b866e35338c53882f7ba7069c1f4e4045ce67513ad45c796f8a5",
                "sha256:ffb74ac578b3b80b1d2d5a23a6dd7b1d6682e5fce6a7b3d21b46b180a5546055"
            ],
            "version": "==1.1.2"
        },
        "pypandoc": {
            "hashes": [
                "sha256:e914e6d5f84a76764887e4d909b09d63308725f0cbb5293872c2c92f07c11a5b"
            ],
            "version": "==1.4"
        },
        "pyserial": {
            "hashes": [
                "sha256:6e2d401fdee0eab996cf734e67773a0143b932772ca8b42451440cfed942c627",
                "sha256:e0770fadba80c31013896c7e6ef703f72e7834965954a78e71a3049488d4d7d8"
            ],
            "version": "==3.4"
        },
        "pysnow": {
            "hashes": [
                "sha256:ae8a947f1dfe9ef4f38a8b868e4d1db8c92a0a553c48032030b6d28b82a7d552"
            ],
            "version": "==0.5.2"
        },
        "pytest": {
            "hashes": [
                "sha256:4c2159d2be2b4e13fa293e7a72bdf2f06848a017150d5c6d35112ce51cfd74ce",
                "sha256:82c1e44a964ec5922c7c3891787df31c8c4f18b6c97a722df56b6cf20bb38c8a"
            ],
            "version": "==3.2.1"
        },
        "pytest-cov": {
            "hashes": [
                "sha256:03aa752cf11db41d281ea1d807d954c4eda35cfa1b21d6971966cc041bbf6e2d",
                "sha256:890fe5565400902b0c78b5357004aab1c814115894f4f21370e2433256a3eeec"
            ],
            "version": "==2.5.1"
        },
        "python-dateutil": {
            "hashes": [
                "sha256:891c38b2a02f5bb1be3e4793866c8df49c7d19baabf9c1bad62547e0b4866aca",
                "sha256:95511bae634d69bc7329ba55e646499a842bc4ec342ad54a8cdb65645a0aad3c"
            ],
            "version": "==2.6.1"
        },
        "python-rtkit": {
            "hashes": [
                "sha256:a15763767a4c36cada60d8ced89dc6bd74f564a613329ce9feb2670650cf677d",
                "sha256:c9ae285cbeaa0a896527fccb6ef0b46970beee954abd2a329cf686b1fcfabbdb"
            ],
            "version": "==0.7.2"
        },
        "python-whois": {
            "hashes": [
                "sha256:3668b6dbb096c93206de0a92fff4abd8fd72ffa416a6ad3c8c8de1cf779dbcaf"
            ],
            "version": "==0.6.5"
        },
        "pytz": {
            "hashes": [
                "sha256:d1d6729c85acea5423671382868627129432fba9a89ecbb248d8d1c7a9f01c67",
                "sha256:f5c056e8f62d45ba8215e5cb8f50dfccb198b4b9fbea8500674f3443e4689589"
            ],
            "version": "==2017.2"
        },
        "pyvmomi": {
            "hashes": [
                "sha256:e4d5d3c23b48180f4b48a188653d6ff78e2773e3dbea0da4d5c41cea9b757ab6"
            ],
            "version": "==6.7.0.2018.9"
        },
        "pyyaml": {
            "hashes": [
                "sha256:ef3a0d5a5e950747f4a39ed7b204e036b37f9bddc7551c1a813b8727515a832e"
            ],
            "version": "==4.2b1"
        },
        "records": {
            "hashes": [
                "sha256:238cba35e8efbb724493bbb195bd027d9e78db4a978597969a7af0f722ac3686",
                "sha256:6d060a2b44ecc198d4e86efd5dab8558a2581b4019970bd8839e1604a243f57e"
            ],
            "version": "==0.5.2"
        },
        "regex": {
            "hashes": [
                "sha256:0bcd8ab8c812278981df3161db3f94f0ec72f1fa07020173c96f20e74bd7c16a",
                "sha256:20b1601b887e1073805adda2f8a09bb4c86dc7629c46c0d7bf28444dcb32920d",
                "sha256:3c4327dd686d2e05b1b3d60a256fbf1c93c53001614ed8acd65453e09d40e10f",
                "sha256:5e8c6cef2cd964888d5fdf16f3db3dbaaa18c5c5c648161c52c8df065cc26ac5",
                "sha256:666b03b1c33ef8105f28ecf0fd26f4480931a91a6e30e29e304c1d9eddce2209",
                "sha256:8afb6ecd80154464b1ad31a93228b63832526f9b0291a82a55287ae15c01de79",
                "sha256:9326e1c5b9de6e74150bdd424789aecec41c7ecaf9e78bf4c3acfe6868ce1365",
                "sha256:e06eac198d9c76bcbe52b987b74ead0d353cfaa9f3d8cd907ec984f4bb20ea1e",
                "sha256:eee007ee39a02cb631b74f89f992766b9d7e952a750166f3e5a5baf8c328c070"
            ],
            "version": "==2019.1.24"
        },
        "requests": {
            "hashes": [
                "sha256:502a824f31acdacb3a35b6690b5fbf0bc41d63a24a45c4004352b0242707598e",
                "sha256:7bf2a778576d825600030a110f3c0e3e8edc51dfaafe1c146e39a2027784957b"
            ],
            "version": "==2.21.0"
        },
        "requests-mock": {
            "hashes": [
                "sha256:2931887853c42e1d73879983d5bf03041109472991c5b4b8dba5d11ed23b9d0b",
                "sha256:96a1e45b1c0bd18d14fcb2d55b3b09d6d46237e37bcae3155df4cb75bc42619e"
            ],
            "version": "==1.4"
        },
        "requests-ntlm": {
            "hashes": [
                "sha256:1eb43d1026b64d431a8e0f1e8a8c8119ac698e72e9b95102018214411a8463ea",
                "sha256:9189c92e8c61ae91402a64b972c4802b2457ce6a799d658256ebf084d5c7eb71"
            ],
            "version": "==1.1.0"
        },
        "requests-oauthlib": {
            "hashes": [
                "sha256:50a8ae2ce8273e384895972b56193c7409601a66d4975774c60c2aed869639ca",
                "sha256:883ac416757eada6d3d07054ec7092ac21c7f35cb1d2cf82faf205637081f468"
            ],
            "version": "==0.8.0"
        },
        "requests-toolbelt": {
            "hashes": [
                "sha256:42c9c170abc2cacb78b8ab23ac957945c7716249206f90874651971a4acff237",
                "sha256:f6a531936c6fa4c6cfce1b9c10d5c4f498d16528d2a54a22ca00011205a187b5"
            ],
            "version": "==0.8.0"
        },
        "scp": {
            "hashes": [
                "sha256:18f59e48df67fac0b069591609a0f4d50d781a101ddb8ec705f0c2e3501a8386",
                "sha256:9545014f4078f33bcef9cf1d93f7de6b3acc271552aeb2c20a1ca12f9d5abdec"
            ],
            "version": "==0.10.2"
        },
        "searchsplunk": {
            "hashes": [
                "sha256:ba2beaa33d54075699d3a7a09faea83772761ea1eeebe844f3756ceb42b0d190"
            ],
            "version": "==0.3.0"
        },
        "simplejson": {
            "hashes": [
                "sha256:067a7177ddfa32e1483ba5169ebea1bc2ea27f224853211ca669325648ca5642",
                "sha256:2fc546e6af49fb45b93bbe878dea4c48edc34083729c0abd09981fe55bdf7f91",
                "sha256:354fa32b02885e6dae925f1b5bbf842c333c1e11ea5453ddd67309dc31fdb40a",
                "sha256:37e685986cf6f8144607f90340cff72d36acf654f3653a6c47b84c5c38d00df7",
                "sha256:3af610ee72efbe644e19d5eaad575c73fb83026192114e5f6719f4901097fce2",
                "sha256:3b919fc9cf508f13b929a9b274c40786036b31ad28657819b3b9ba44ba651f50",
                "sha256:3dd289368bbd064974d9a5961101f080e939cbe051e6689a193c99fb6e9ac89b",
                "sha256:6c3258ffff58712818a233b9737fe4be943d306c40cf63d14ddc82ba563f483a",
                "sha256:75e3f0b12c28945c08f54350d91e624f8dd580ab74fd4f1bbea54bc6b0165610",
                "sha256:b1f329139ba647a9548aa05fb95d046b4a677643070dc2afc05fa2e975d09ca5",
                "sha256:ee9625fc8ee164902dfbb0ff932b26df112da9f871c32f0f9c1bcf20c350fe2a",
                "sha256:fb2530b53c28f0d4d84990e945c2ebb470edb469d63e389bf02ff409012fe7c5"
            ],
            "version": "==3.16.0"
        },
        "six": {
            "hashes": [
                "sha256:3350809f0555b11f552448330d0b52d5f24c91a322ea4a15ef22629740f3761c",
                "sha256:d16a0141ec1a18405cd4ce8b4613101da75da0e9a7aec5bdd4fa804d0e0eba73"
            ],
            "version": "==1.12.0"
        },
        "snowballstemmer": {
            "hashes": [
                "sha256:919f26a68b2c17a7634da993d91339e288964f93c274f1343e3bbbe2096e1128",
                "sha256:9f3bcd3c401c3e862ec0ebe6d2c069ebc012ce142cce209c098ccb5b09136e89"
            ],
            "version": "==1.2.1"
        },
        "sphinx": {
            "hashes": [
                "sha256:3ea0faf3e152a0e40372d8495c8cbd59e93f89266231c367d8098ec0dfede98f",
                "sha256:af8bdb8c714552b77d01d4536e3d6d2879d6cb9d25423d29163d5788e27046e6"
            ],
            "version": "==1.6.3"
        },
        "sphinx-autobuild": {
            "hashes": [
                "sha256:66388f81884666e3821edbe05dd53a0cfb68093873d17320d0610de8db28c74e",
                "sha256:e60aea0789cab02fa32ee63c7acae5ef41c06f1434d9fd0a74250a61f5994692"
            ],
            "version": "==0.7.1"
        },
        "sphinxcontrib-napoleon": {
            "hashes": [
                "sha256:614b779888629f14dfdfad6c17bffbb6d3813a0a0917a9541651d85384d4d6bd",
                "sha256:cbb31953b15d2102c18f16f02591f92e2614a08ef0218c9e514e2dc4c4f9daf9"
            ],
            "version": "==0.6.1"
        },
        "sphinxcontrib-websupport": {
            "hashes": [
                "sha256:7a85961326aa3a400cd4ad3c816d70ed6f7c740acd7ce5d78cd0a67825072eb9",
                "sha256:f4932e95869599b89bf4f80fc3989132d83c9faa5bf633e7b5e0c25dffb75da2"
            ],
            "version": "==1.0.1"
        },
        "sqlalchemy": {
            "hashes": [
                "sha256:2d5f08f714a886a1382c18be501e614bce50d362384dc089474019ce0768151c"
            ],
            "version": "==1.2.8"
        },
        "tablib": {
            "hashes": [
                "sha256:b8cf50a61d66655229993f2ee29220553fb2c80403479f8e6de77c0c24649d87"
            ],
            "version": "==0.12.1"
        },
        "tld": {
            "hashes": [
                "sha256:2e6ed5fdd04913f93b8fd09d931af502fabdef9e343a605b90bdf4c9c16face2",
                "sha256:e78e31ee3d48af1c0473110f6c477c01244f2106d77186f56f027977a5b760a2"
            ],
            "version": "==0.7.9"
        },
        "tornado": {
            "hashes": [
                "sha256:00ebd485a52bd7eaa3f35bdf8ab43c109aaa2edc722849b6905c1ffd8c958e82"
            ],
            "version": "==6.0a1"
        },
        "tqdm": {
            "hashes": [
                "sha256:13f018038711256ed27aae118a80d63929588e90f00d072a0f4eb7aa3333b4dc",
                "sha256:dd60ea2567baa013c625153ce41fd274209c69a5814513e1d635f20e5cd61b97"
            ],
            "version": "==4.30.0"
        },
        "twine": {
            "hashes": [
                "sha256:caa45b7987fc96321258cd7668e3be2ff34064f5c66d2d975b641adca659c1ab",
                "sha256:d3ce5c480c22ccfb761cd358526e862b32546d2fe4bc93d46b5cf04ea3cc46ca"
            ],
            "version": "==1.9.1"
        },
        "tzlocal": {
            "hashes": [
                "sha256:4ebeb848845ac898da6519b9b31879cf13b6626f7184c496037b818e238f2c4e"
            ],
            "version": "==1.5.1"
        },
        "unicodecsv": {
            "hashes": [
                "sha256:018c08037d48649a0412063ff4eda26eaa81eff1546dbffa51fa5293276ff7fc"
            ],
            "version": "==0.14.1"
        },
        "urllib3": {
            "hashes": [
                "sha256:41c3db2fc01e5b907288010dec72f9d0a74e37d6994e6eb56849f59fea2265ae",
                "sha256:8819bba37a02d143296a4d032373c4dd4aca11f6d4c9973335ca75f9c8475f59"
            ],
            "version": "==1.24"
        },
        "validators": {
            "hashes": [
                "sha256:bf1aa66554df0a7907f0e78b6d356e2ce30d6f2e73fefd1f3b14d20114341066"
            ],
            "version": "==0.12.0"
        },
        "virtualenv": {
            "hashes": [
                "sha256:58c359370401e0af817fb0070911e599c5fdc836166306b04fd0f278151ed125",
                "sha256:729f0bcab430e4ef137646805b5b1d8efbb43fe53d4a0f33328624a84a5121f7"
            ],
            "version": "==16.3.0"
        },
        "watchdog": {
            "hashes": [
                "sha256:965f658d0732de3188211932aeb0bb457587f04f63ab4c1e33eab878e9de961d"
            ],
            "version": "==0.9.0"
        },
        "webob": {
            "hashes": [
                "sha256:05aaab7975e0ee8af2026325d656e5ce14a71f1883c52276181821d6d5bf7086",
                "sha256:36db8203c67023d68c1b00208a7bf55e3b10de2aa317555740add29c619de12b"
            ],
            "version": "==1.8.5"
        },
        "werkzeug": {
            "hashes": [
                "sha256:c3fd7a7d41976d9f44db327260e263132466836cef6f91512889ed60ad26557c",
                "sha256:d5da73735293558eb1651ee2fddc4d0dedcfa06538b8813a2e20011583c9e49b"
            ],
            "version": "==0.14.1"
        },
        "wheel": {
            "hashes": [
                "sha256:029703bf514e16c8271c3821806a1c171220cc5bdd325cbf4e7da1e056a01db6",
                "sha256:1e53cdb3f808d5ccd0df57f964263752aa74ea7359526d3da6c02114ec1e1d44"
            ],
            "version": "==0.32.3"
        },
        "xlrd": {
            "hashes": [
                "sha256:546eb36cee8db40c3eaa46c351e67ffee6eeb5fa2650b71bc4c758a29a1b29b2",
                "sha256:e551fb498759fa3a5384a94ccd4c3c02eb7c00ea424426e212ac0c57be9dfbde"
            ],
            "version": "==1.2.0"
        },
        "xlwt": {
            "hashes": [
                "sha256:a082260524678ba48a297d922cc385f58278b8aa68741596a87de01a9c628b2e",
                "sha256:c59912717a9b28f1a3c2a98fd60741014b06b043936dcecbc113eaaada156c88"
            ],
            "version": "==1.3.0"
        },
        "xmltodict": {
            "hashes": [
                "sha256:8f8d7d40aa28d83f4109a7e8aa86e67a4df202d9538be40c0cb1d70da527b0df",
                "sha256:add07d92089ff611badec526912747cf87afd4f9447af6661aca074eeaf32615"
            ],
            "version": "==0.11.0"
        },
        "zeep": {
            "hashes": [
                "sha256:2b81499ff7d953322ab6ffeb6c3d7a077044533fe4bae4237a74372a7e873c33",
                "sha256:8631e2735c5f2219eb18ca4f0615ae482455628518508f69c3690dbfb8238aee"
            ],
            "version": "==2.4.0"
        }
    },
    "develop": {}
}
